
Microsoft Visual Studio Solution File, Format Version 12.00
# Visual Studio Version 16
VisualStudioVersion = 16.0.31515.178
MinimumVisualStudioVersion = 10.0.40219.1
Project("{FAE04EC0-301F-11D3-BF4B-00C04F79EFBC}") = "EmployeeWF", "EmployeeWF\EmployeeWF.csproj", "{0A847CF2-9BD0-44EF-804E-8878F8B5A568}"
EndProject
Project("{FAE04EC0-301F-11D3-BF4B-00C04F79EFBC}") = "DBFirst", "DBFirst\DBFirst.csproj", "{4162821D-E8A3-4B33-AE9F-624AE0064BD0}"
EndProject
Global
	GlobalSection(SolutionConfigurationPlatforms) = preSolution
		Debug|Any CPU = Debug|Any CPU
		Release|Any CPU = Release|Any CPU
	EndGlobalSection
	GlobalSection(ProjectConfigurationPlatforms) = postSolution
		{0A847CF2-9BD0-44EF-804E-8878F8B5A568}.Debug|Any CPU.ActiveCfg = Debug|Any CPU
		{0A847CF2-9BD0-44EF-804E-8878F8B5A568}.Debug|Any CPU.Build.0 = Debug|Any CPU
		{0A847CF2-9BD0-44EF-804E-8878F8B5A568}.Release|Any CPU.ActiveCfg = Release|Any CPU
		{0A847CF2-9BD0-44EF-804E-8878F8B5A568}.Release|Any CPU.Build.0 = Release|Any CPU
		{4162821D-E8A3-4B33-AE9F-624AE0064BD0}.Debug|Any CPU.ActiveCfg = Debug|Any CPU
		{4162821D-E8A3-4B33-AE9F-624AE0064BD0}.Debug|Any CPU.Build.0 = Debug|Any CPU
		{4162821D-E8A3-4B33-AE9F-624AE0064BD0}.Release|Any CPU.ActiveCfg = Release|Any CPU
		{4162821D-E8A3-4B33-AE9F-624AE0064BD0}.Release|Any CPU.Build.0 = Release|Any CPU
	EndGlobalSection
	GlobalSection(SolutionProperties) = preSolution
		HideSolutionNode = FALSE
	EndGlobalSection
	GlobalSection(ExtensibilityGlobals) = postSolution
		SolutionGuid = {630FA178-3940-423A-946B-9ED4B093DD9C}
	EndGlobalSection
EndGlobal
